// !$*UTF8*$!
{
	archiveVersion = 1;
	classes = {
	};
	objectVersion = 77;
	objects = {

/* Begin PBXBuildFile section */
		0046F94F061484D814F3D02D /* SwiftData.framework in Frameworks */ = {isa = PBXBuildFile; fileRef = E617B61A780E2D73CA38EA96 /* SwiftData.framework */; };
		008815544EBF06868D4899A0 /* UserProfileModel.swift in Sources */ = {isa = PBXBuildFile; fileRef = AD10C85A5C132BC6B41AE20C /* UserProfileModel.swift */; };
		02B5969771941E4F60333D5E /* FoodEntryModel.swift in Sources */ = {isa = PBXBuildFile; fileRef = 66B1095291E179B95FEBA497 /* FoodEntryModel.swift */; };
		0371595B948C5BC645F95098 /* Preview Assets.xcassets in Resources */ = {isa = PBXBuildFile; fileRef = A1AEF211C26EA8B094E605BF /* Preview Assets.xcassets */; };
		07F3F54C7357DC3CAD8D21DE /* NetworkService.swift in Sources */ = {isa = PBXBuildFile; fileRef = 0B7BDED25BF9905034860989 /* NetworkService.swift */; };
		0FA655C86256DB82F4AE50ED /* DependencyContainer.swift in Sources */ = {isa = PBXBuildFile; fileRef = B3A52E85B046CA26C9EC49EE /* DependencyContainer.swift */; };
		10DECE0D98ADCC886E5AB243 /* ProfileViewModel.swift in Sources */ = {isa = PBXBuildFile; fileRef = 5EB0DE2A5AC60E63405C877D /* ProfileViewModel.swift */; };
		111AE7FA1332AD0E5CA274CA /* ExerciseLibraryViewModel.swift in Sources */ = {isa = PBXBuildFile; fileRef = 284176C019E651CD1432F0DD /* ExerciseLibraryViewModel.swift */; };
		13CA07C966A6F13A10180696 /* HealthKitQuery.swift in Sources */ = {isa = PBXBuildFile; fileRef = 9E8229ED597D3F00DBBF9B10 /* HealthKitQuery.swift */; };
		22C5B7230930922772F32FB0 /* USDAFoodAPI.swift in Sources */ = {isa = PBXBuildFile; fileRef = DF73950C467F7AB125A07178 /* USDAFoodAPI.swift */; };
		24CE55FFA35FD9F9BD03EE1C /* UserProfile.swift in Sources */ = {isa = PBXBuildFile; fileRef = 106C338F1B5889F687588AE5 /* UserProfile.swift */; };
		26F125E756AB94671BD2D58B /* ExerciseSeeds.swift in Sources */ = {isa = PBXBuildFile; fileRef = DEF33D965ACAE9DDD2ACEA76 /* ExerciseSeeds.swift */; };
		281D7048E6267DDA0EC9B14F /* DailyNutritionModel.swift in Sources */ = {isa = PBXBuildFile; fileRef = B40FA67720B77DD07745901F /* DailyNutritionModel.swift */; };
		2CBF06198B783279E77F75E3 /* WorkoutRepository.swift in Sources */ = {isa = PBXBuildFile; fileRef = 54AE04B0B914B459BB6B3E97 /* WorkoutRepository.swift */; };
		30E26CD91E85A8CD1B98AD18 /* WorkoutSet.swift in Sources */ = {isa = PBXBuildFile; fileRef = 3827F28C27599BA559FFE3E7 /* WorkoutSet.swift */; };
		32753CBC5716D4D749C8B664 /* HealthRepository.swift in Sources */ = {isa = PBXBuildFile; fileRef = ACBFF12A3407233947C9E257 /* HealthRepository.swift */; };
		332842D0A328084E1674E3EB /* FoodModel.swift in Sources */ = {isa = PBXBuildFile; fileRef = 5543E95CF2D3EA974E01F66F /* FoodModel.swift */; };
		3553C7BC422310238474F283 /* ProfileSetupView.swift in Sources */ = {isa = PBXBuildFile; fileRef = CF8F413BC34F0AF0422D9E5F /* ProfileSetupView.swift */; };
		3629DBE1D53960969772C716 /* FoodSearchView.swift in Sources */ = {isa = PBXBuildFile; fileRef = 638A0A5C8342531721E3A8F7 /* FoodSearchView.swift */; };
		38C3A6B8D34517A4782982B9 /* SwiftUI.framework in Frameworks */ = {isa = PBXBuildFile; fileRef = 1ACCC0BC5A5FAE8B2A5E0DA0 /* SwiftUI.framework */; };
		3E1B0C7751AADD39EF3E8DC6 /* ProfileView.swift in Sources */ = {isa = PBXBuildFile; fileRef = 3E7DFF422F05B2EBBF2F2EB8 /* ProfileView.swift */; };
		3EC7F8F3D2E7735357137756 /* HealthKitTests.swift in Sources */ = {isa = PBXBuildFile; fileRef = 18547D5100E844205BA8F7DB /* HealthKitTests.swift */; };
		426945A51D2DDBB7074CF960 /* CalculateProgressionUseCase.swift in Sources */ = {isa = PBXBuildFile; fileRef = 9BC1E6E21D322A72D4ACED10 /* CalculateProgressionUseCase.swift */; };
		428D7507D086EF8FAEEFBBEF /* ExerciseLibraryView.swift in Sources */ = {isa = PBXBuildFile; fileRef = CE891E4BBFFF15541D2786C2 /* ExerciseLibraryView.swift */; };
		47A56900F539420D1296BE10 /* FoodLoggingView.swift in Sources */ = {isa = PBXBuildFile; fileRef = 18A7B9DD6D81924C0258E6FA /* FoodLoggingView.swift */; };
		496BF5CFA00DF35D67625249 /* UserRepository.swift in Sources */ = {isa = PBXBuildFile; fileRef = 54BE18D10F70E33E0E20F52A /* UserRepository.swift */; };
		4CE4C705866D50EB248D15A0 /* DailyNutrition.swift in Sources */ = {isa = PBXBuildFile; fileRef = 2D4DF78F8771F4E8ABAC964F /* DailyNutrition.swift */; };
		4CED856882B128139A208B25 /* Exercise.swift in Sources */ = {isa = PBXBuildFile; fileRef = 32CEC2869FDD4F2C79B9A995 /* Exercise.swift */; };
		4DC08FF27E00CD8088177AA4 /* WorkoutSetModel.swift in Sources */ = {isa = PBXBuildFile; fileRef = 6355764ECE698C5151E70479 /* WorkoutSetModel.swift */; };
		4DC85B91F11058C3375ED57F /* ChartView.swift in Sources */ = {isa = PBXBuildFile; fileRef = 69BDF4D1E5D56DA3098829C2 /* ChartView.swift */; };
		509EA0E480F447DA34EE0CEB /* VitalArcTests.swift in Sources */ = {isa = PBXBuildFile; fileRef = A48F612DE6687B8B054BA9E3 /* VitalArcTests.swift */; };
		55196D4FB9475859FC77B1BD /* UpdateUserPreferencesUseCase.swift in Sources */ = {isa = PBXBuildFile; fileRef = 56955E4B4B5ADF5E3D9D6256 /* UpdateUserPreferencesUseCase.swift */; };
		5C9CCAEA7883E8182E683F59 /* SwiftUI.framework in Embed Frameworks */ = {isa = PBXBuildFile; fileRef = 1ACCC0BC5A5FAE8B2A5E0DA0 /* SwiftUI.framework */; settings = {ATTRIBUTES = (CodeSignOnCopy, RemoveHeadersOnCopy, ); }; };
		5CDB1BA23C75E21B25E5EB9E /* HealthKitPermissions.swift in Sources */ = {isa = PBXBuildFile; fileRef = D9735188AE571358EA10AE1C /* HealthKitPermissions.swift */; };
		60326FA0C2CD02293EC9F5C4 /* WorkoutLoggingView.swift in Sources */ = {isa = PBXBuildFile; fileRef = DE0E62EFB26F5AF97553A972 /* WorkoutLoggingView.swift */; };
		63408CF1BBECC1DA6E7EB488 /* FoodResultRowView.swift in Sources */ = {isa = PBXBuildFile; fileRef = 3B15D3153DB278E04C21F09C /* FoodResultRowView.swift */; };
		6A13A49BB01B932071FBA10A /* NutritionSummaryView.swift in Sources */ = {isa = PBXBuildFile; fileRef = E3901168591C01E8766018CD /* NutritionSummaryView.swift */; };
		6EA61AAB8EE54A8615AE1353 /* WorkoutLoggingViewModel.swift in Sources */ = {isa = PBXBuildFile; fileRef = 89EA5695ED0ADF6694C8D017 /* WorkoutLoggingViewModel.swift */; };
		703CA568BF2BEF17070D20F2 /* HealthMetricsModel.swift in Sources */ = {isa = PBXBuildFile; fileRef = ED85BA1AEF7BA60C2B9C2348 /* HealthMetricsModel.swift */; };
		7109F604DBEA008541327E4E /* Workout.swift in Sources */ = {isa = PBXBuildFile; fileRef = B00DD0C786E8C63620DDD02F /* Workout.swift */; };
		7115209B5FE5BC348D8802A6 /* WelcomeView.swift in Sources */ = {isa = PBXBuildFile; fileRef = 5816AB8CBF8807131050581A /* WelcomeView.swift */; };
		73BBD0A0959C1580E571EC77 /* HealthKit.framework in Frameworks */ = {isa = PBXBuildFile; fileRef = 204E8B8260BD0D08D4AC708E /* HealthKit.framework */; };
		758B61DC3E94EE424FD13126 /* OnboardingCoordinator.swift in Sources */ = {isa = PBXBuildFile; fileRef = 948B0E147D40A08EE8BF7984 /* OnboardingCoordinator.swift */; };
		793420AA8CBADCD1560DC533 /* SearchFoodUseCase.swift in Sources */ = {isa = PBXBuildFile; fileRef = F5B15CB72047BACC53338408 /* SearchFoodUseCase.swift */; };
		7D0AF1F868FAFD915C0F87A9 /* CloudKit.framework in Embed Frameworks */ = {isa = PBXBuildFile; fileRef = FD147BDBA0726382A62490D0 /* CloudKit.framework */; settings = {ATTRIBUTES = (CodeSignOnCopy, RemoveHeadersOnCopy, ); }; };
		7EBEE1CA40FAD57CE6BAFDD6 /* ProfileTests.swift in Sources */ = {isa = PBXBuildFile; fileRef = 00D74DB92F2EF06B8D62FF9B /* ProfileTests.swift */; };
		80179F66A8ADFDA6DEAE23B8 /* CreateUserProfileUseCase.swift in Sources */ = {isa = PBXBuildFile; fileRef = 897F44E2DC3F04BBC9C04DF3 /* CreateUserProfileUseCase.swift */; };
		86837097D76103FBE890CE29 /* HealthDashboardViewModel.swift in Sources */ = {isa = PBXBuildFile; fileRef = C94FDC23DCCC9E766167D3E7 /* HealthDashboardViewModel.swift */; };
		88AE01B19AF462A40EB3CFEB /* CreateWorkoutUseCase.swift in Sources */ = {isa = PBXBuildFile; fileRef = BA23797AD567763B372F0FA5 /* CreateWorkoutUseCase.swift */; };
		88F81590291C1A4FC1E3E88F /* AboutView.swift in Sources */ = {isa = PBXBuildFile; fileRef = D55D70E93F4957258E6B4261 /* AboutView.swift */; };
		89C25ECF64BE6526F6CC4CDD /* FoodSearchViewModel.swift in Sources */ = {isa = PBXBuildFile; fileRef = 65B865736A863CB7A2AB29F2 /* FoodSearchViewModel.swift */; };
		8DA7662F7DCF750D387AB41F /* HealthMetrics.swift in Sources */ = {isa = PBXBuildFile; fileRef = 5FB37AC62B482387392CA9DA /* HealthMetrics.swift */; };
		8EB62E1A64BE2366199F3455 /* CloudKit.framework in Frameworks */ = {isa = PBXBuildFile; fileRef = FD147BDBA0726382A62490D0 /* CloudKit.framework */; };
		942628D1F967B19230F8AD44 /* MacroRingView.swift in Sources */ = {isa = PBXBuildFile; fileRef = CE948F5C7C7E7164BCAEE3AA /* MacroRingView.swift */; };
		97D1EE9F6C811BF5F9C6F3B7 /* MainTabView.swift in Sources */ = {isa = PBXBuildFile; fileRef = 2BA1A6744D575B5C6C27D009 /* MainTabView.swift */; };
		9F2A2137EB5979DE879D0B61 /* HealthKit.framework in Embed Frameworks */ = {isa = PBXBuildFile; fileRef = 204E8B8260BD0D08D4AC708E /* HealthKit.framework */; settings = {ATTRIBUTES = (CodeSignOnCopy, RemoveHeadersOnCopy, ); }; };
		A094098B432FE9718F4B660A /* WorkoutModel.swift in Sources */ = {isa = PBXBuildFile; fileRef = 35DE7CB802E6DE638AC0D92C /* WorkoutModel.swift */; };
		A36BA008667F24A0C627E73C /* HealthKitPermissionView.swift in Sources */ = {isa = PBXBuildFile; fileRef = F2A506CD9C6617924B59CB86 /* HealthKitPermissionView.swift */; };
		A472D7AF0A7165225B42349A /* WorkoutHistoryViewModel.swift in Sources */ = {isa = PBXBuildFile; fileRef = D429840909FA8D90673F777B /* WorkoutHistoryViewModel.swift */; };
		A61510FF08053615F52CC7FB /* MealSectionView.swift in Sources */ = {isa = PBXBuildFile; fileRef = 3CAE650A44F31AD013310F4C /* MealSectionView.swift */; };
		A65F84DA8F15FA4929E4A800 /* NutritionTests.swift in Sources */ = {isa = PBXBuildFile; fileRef = 40DBB4D6BEF314C57F47B3B1 /* NutritionTests.swift */; };
		AB5E4C8FB07080EFD2129F44 /* CalculateNutritionUseCase.swift in Sources */ = {isa = PBXBuildFile; fileRef = 56FC3AD68B901BFDB65525CE /* CalculateNutritionUseCase.swift */; };
		ABB1263D94869B224B2567D0 /* GetExercisesUseCase.swift in Sources */ = {isa = PBXBuildFile; fileRef = FB1E474D17E03C8C73B3D3D2 /* GetExercisesUseCase.swift */; };
		AFA02DDC99925265E63228A3 /* WorkoutTests.swift in Sources */ = {isa = PBXBuildFile; fileRef = 9424058DB3BFA461A3ED1456 /* WorkoutTests.swift */; };
		B2540BE979714FAC39A4842E /* WorkoutHistoryView.swift in Sources */ = {isa = PBXBuildFile; fileRef = 97BD595949D414A431738A6F /* WorkoutHistoryView.swift */; };
		B408997C41F6EED3D8F1921F /* HealthKitManager.swift in Sources */ = {isa = PBXBuildFile; fileRef = 6277D158313C6CA473B4397F /* HealthKitManager.swift */; };
		B67056067E3169196C58FB83 /* ExerciseSetView.swift in Sources */ = {isa = PBXBuildFile; fileRef = F647355BA6D6DB6ABA236775 /* ExerciseSetView.swift */; };
		B843DDD04DEF700A4E5E1C15 /* FoodEntry.swift in Sources */ = {isa = PBXBuildFile; fileRef = D7F8FB8F8415501961023275 /* FoodEntry.swift */; };
		B8628CF20D0FEE7D9BDEDCCA /* ExerciseModel.swift in Sources */ = {isa = PBXBuildFile; fileRef = AB73F95C41B305BAD18EA115 /* ExerciseModel.swift */; };
		C2765630FB2A976D29932091 /* SettingsView.swift in Sources */ = {isa = PBXBuildFile; fileRef = FFBD82C68E9845BEF0BE4B8D /* SettingsView.swift */; };
		C569BCDFF81AA812C41E8B64 /* NutritionRepository.swift in Sources */ = {isa = PBXBuildFile; fileRef = CA84A598D661B7486786B7D9 /* NutritionRepository.swift */; };
		C653C5A2F2B3E9A9C80D90B7 /* FoodAPIModels.swift in Sources */ = {isa = PBXBuildFile; fileRef = 4508F61108B98F38C7317287 /* FoodAPIModels.swift */; };
		C9DFBBC1A044D66BFE38EC45 /* HealthKitMapper.swift in Sources */ = {isa = PBXBuildFile; fileRef = 2E1BFBB1A2704A63C7ACF1FF /* HealthKitMapper.swift */; };
		D415C8BCF619FCB5CFCD7136 /* LogFoodUseCase.swift in Sources */ = {isa = PBXBuildFile; fileRef = 808BB13BFA51A9109B2AD859 /* LogFoodUseCase.swift */; };
		DCE9FBA5FB20CC98886D294B /* FoodLoggingViewModel.swift in Sources */ = {isa = PBXBuildFile; fileRef = F8884D90D84861BB481EF0F3 /* FoodLoggingViewModel.swift */; };
		DE2A04DA86055681F7914763 /* OnboardingViewModel.swift in Sources */ = {isa = PBXBuildFile; fileRef = E7136C312A60E7F45BD0F51B /* OnboardingViewModel.swift */; };
		E44DE360602DC91F4D47E63C /* HealthDashboardView.swift in Sources */ = {isa = PBXBuildFile; fileRef = ED62B6AB234CF0E23406C77D /* HealthDashboardView.swift */; };
		E952ED0C42942125C3BA0D5E /* Assets.xcassets in Resources */ = {isa = PBXBuildFile; fileRef = 22FF7055B0CD30B756F6F963 /* Assets.xcassets */; };
		E9ACE76CAD2799F7230120BF /* SetRowView.swift in Sources */ = {isa = PBXBuildFile; fileRef = 96029B0B15EDC21F21B0EB06 /* SetRowView.swift */; };
		EA56F34550C02CDAB9C5A633 /* SwiftData.framework in Embed Frameworks */ = {isa = PBXBuildFile; fileRef = E617B61A780E2D73CA38EA96 /* SwiftData.framework */; settings = {ATTRIBUTES = (CodeSignOnCopy, RemoveHeadersOnCopy, ); }; };
		EF984FAADD688AF81520D265 /* VitalArcApp.swift in Sources */ = {isa = PBXBuildFile; fileRef = 270F7E00F8AA2538A300F8D8 /* VitalArcApp.swift */; };
		F4E088479E640461CC286BD1 /* ExerciseRowView.swift in Sources */ = {isa = PBXBuildFile; fileRef = 168B4FFDBAB0E898338155BC /* ExerciseRowView.swift */; };
		FA78ACED75968C458123000C /* MetricCardView.swift in Sources */ = {isa = PBXBuildFile; fileRef = 863F76B52D3BE699B0B40B86 /* MetricCardView.swift */; };
		FE5B77F8F3D6A0EE668CD919 /* Food.swift in Sources */ = {isa = PBXBuildFile; fileRef = F2D37B25EDB480008B06EB2E /* Food.swift */; };
/* End PBXBuildFile section */

/* Begin PBXContainerItemProxy section */
		1EE56CC435AC1BC065F34F42 /* PBXContainerItemProxy */ = {
			isa = PBXContainerItemProxy;
			containerPortal = 6C76132B3F0947A6D7506B2D /* Project object */;
			proxyType = 1;
			remoteGlobalIDString = C5E19D37CFFE919BA3956609;
			remoteInfo = VitalArc;
		};
/* End PBXContainerItemProxy section */

/* Begin PBXCopyFilesBuildPhase section */
		6DD3AE89351284A3BCBDB0CC /* Embed Frameworks */ = {
			isa = PBXCopyFilesBuildPhase;
			buildActionMask = 2147483647;
			dstPath = "";
			dstSubfolderSpec = 10;
			files = (
				5C9CCAEA7883E8182E683F59 /* SwiftUI.framework in Embed Frameworks */,
				EA56F34550C02CDAB9C5A633 /* SwiftData.framework in Embed Frameworks */,
				9F2A2137EB5979DE879D0B61 /* HealthKit.framework in Embed Frameworks */,
				7D0AF1F868FAFD915C0F87A9 /* CloudKit.framework in Embed Frameworks */,
			);
			name = "Embed Frameworks";
			runOnlyForDeploymentPostprocessing = 0;
		};
/* End PBXCopyFilesBuildPhase section */

/* Begin PBXFileReference section */
		00D74DB92F2EF06B8D62FF9B /* ProfileTests.swift */ = {isa = PBXFileReference; lastKnownFileType = sourcecode.swift; path = ProfileTests.swift; sourceTree = "<group>"; };
		0B7BDED25BF9905034860989 /* NetworkService.swift */ = {isa = PBXFileReference; lastKnownFileType = sourcecode.swift; path = NetworkService.swift; sourceTree = "<group>"; };
		106C338F1B5889F687588AE5 /* UserProfile.swift */ = {isa = PBXFileReference; lastKnownFileType = sourcecode.swift; path = UserProfile.swift; sourceTree = "<group>"; };
		168B4FFDBAB0E898338155BC /* ExerciseRowView.swift */ = {isa = PBXFileReference; lastKnownFileType = sourcecode.swift; path = ExerciseRowView.swift; sourceTree = "<group>"; };
		18547D5100E844205BA8F7DB /* HealthKitTests.swift */ = {isa = PBXFileReference; lastKnownFileType = sourcecode.swift; path = HealthKitTests.swift; sourceTree = "<group>"; };
		18A7B9DD6D81924C0258E6FA /* FoodLoggingView.swift */ = {isa = PBXFileReference; lastKnownFileType = sourcecode.swift; path = FoodLoggingView.swift; sourceTree = "<group>"; };
		1ACCC0BC5A5FAE8B2A5E0DA0 /* SwiftUI.framework */ = {isa = PBXFileReference; lastKnownFileType = wrapper.framework; path = SwiftUI.framework; sourceTree = "<group>"; };
		204E8B8260BD0D08D4AC708E /* HealthKit.framework */ = {isa = PBXFileReference; lastKnownFileType = wrapper.framework; path = HealthKit.framework; sourceTree = "<group>"; };
		22FF7055B0CD30B756F6F963 /* Assets.xcassets */ = {isa = PBXFileReference; lastKnownFileType = folder.assetcatalog; path = Assets.xcassets; sourceTree = "<group>"; };
		270F7E00F8AA2538A300F8D8 /* VitalArcApp.swift */ = {isa = PBXFileReference; lastKnownFileType = sourcecode.swift; path = VitalArcApp.swift; sourceTree = "<group>"; };
		284176C019E651CD1432F0DD /* ExerciseLibraryViewModel.swift */ = {isa = PBXFileReference; lastKnownFileType = sourcecode.swift; path = ExerciseLibraryViewModel.swift; sourceTree = "<group>"; };
		2BA1A6744D575B5C6C27D009 /* MainTabView.swift */ = {isa = PBXFileReference; lastKnownFileType = sourcecode.swift; path = MainTabView.swift; sourceTree = "<group>"; };
		2D4DF78F8771F4E8ABAC964F /* DailyNutrition.swift */ = {isa = PBXFileReference; lastKnownFileType = sourcecode.swift; path = DailyNutrition.swift; sourceTree = "<group>"; };
		2E1BFBB1A2704A63C7ACF1FF /* HealthKitMapper.swift */ = {isa = PBXFileReference; lastKnownFileType = sourcecode.swift; path = HealthKitMapper.swift; sourceTree = "<group>"; };
		32CEC2869FDD4F2C79B9A995 /* Exercise.swift */ = {isa = PBXFileReference; lastKnownFileType = sourcecode.swift; path = Exercise.swift; sourceTree = "<group>"; };
		35DE7CB802E6DE638AC0D92C /* WorkoutModel.swift */ = {isa = PBXFileReference; lastKnownFileType = sourcecode.swift; path = WorkoutModel.swift; sourceTree = "<group>"; };
		3827F28C27599BA559FFE3E7 /* WorkoutSet.swift */ = {isa = PBXFileReference; lastKnownFileType = sourcecode.swift; path = WorkoutSet.swift; sourceTree = "<group>"; };
		3B15D3153DB278E04C21F09C /* FoodResultRowView.swift */ = {isa = PBXFileReference; lastKnownFileType = sourcecode.swift; path = FoodResultRowView.swift; sourceTree = "<group>"; };
		3CAE650A44F31AD013310F4C /* MealSectionView.swift */ = {isa = PBXFileReference; lastKnownFileType = sourcecode.swift; path = MealSectionView.swift; sourceTree = "<group>"; };
		3E7DFF422F05B2EBBF2F2EB8 /* ProfileView.swift */ = {isa = PBXFileReference; lastKnownFileType = sourcecode.swift; path = ProfileView.swift; sourceTree = "<group>"; };
		40DBB4D6BEF314C57F47B3B1 /* NutritionTests.swift */ = {isa = PBXFileReference; lastKnownFileType = sourcecode.swift; path = NutritionTests.swift; sourceTree = "<group>"; };
		4508F61108B98F38C7317287 /* FoodAPIModels.swift */ = {isa = PBXFileReference; lastKnownFileType = sourcecode.swift; path = FoodAPIModels.swift; sourceTree = "<group>"; };
		54AE04B0B914B459BB6B3E97 /* WorkoutRepository.swift */ = {isa = PBXFileReference; lastKnownFileType = sourcecode.swift; path = WorkoutRepository.swift; sourceTree = "<group>"; };
		54BE18D10F70E33E0E20F52A /* UserRepository.swift */ = {isa = PBXFileReference; lastKnownFileType = sourcecode.swift; path = UserRepository.swift; sourceTree = "<group>"; };
		5543E95CF2D3EA974E01F66F /* FoodModel.swift */ = {isa = PBXFileReference; lastKnownFileType = sourcecode.swift; path = FoodModel.swift; sourceTree = "<group>"; };
		56955E4B4B5ADF5E3D9D6256 /* UpdateUserPreferencesUseCase.swift */ = {isa = PBXFileReference; lastKnownFileType = sourcecode.swift; path = UpdateUserPreferencesUseCase.swift; sourceTree = "<group>"; };
		56FC3AD68B901BFDB65525CE /* CalculateNutritionUseCase.swift */ = {isa = PBXFileReference; lastKnownFileType = sourcecode.swift; path = CalculateNutritionUseCase.swift; sourceTree = "<group>"; };
		5816AB8CBF8807131050581A /* WelcomeView.swift */ = {isa = PBXFileReference; lastKnownFileType = sourcecode.swift; path = WelcomeView.swift; sourceTree = "<group>"; };
		5AFD41E5C7372D8AED2D6F0C /* Info.plist */ = {isa = PBXFileReference; lastKnownFileType = text.plist; path = Info.plist; sourceTree = "<group>"; };
		5EB0DE2A5AC60E63405C877D /* ProfileViewModel.swift */ = {isa = PBXFileReference; lastKnownFileType = sourcecode.swift; path = ProfileViewModel.swift; sourceTree = "<group>"; };
		5FB37AC62B482387392CA9DA /* HealthMetrics.swift */ = {isa = PBXFileReference; lastKnownFileType = sourcecode.swift; path = HealthMetrics.swift; sourceTree = "<group>"; };
		6277D158313C6CA473B4397F /* HealthKitManager.swift */ = {isa = PBXFileReference; lastKnownFileType = sourcecode.swift; path = HealthKitManager.swift; sourceTree = "<group>"; };
		6355764ECE698C5151E70479 /* WorkoutSetModel.swift */ = {isa = PBXFileReference; lastKnownFileType = sourcecode.swift; path = WorkoutSetModel.swift; sourceTree = "<group>"; };
		638A0A5C8342531721E3A8F7 /* FoodSearchView.swift */ = {isa = PBXFileReference; lastKnownFileType = sourcecode.swift; path = FoodSearchView.swift; sourceTree = "<group>"; };
		65B865736A863CB7A2AB29F2 /* FoodSearchViewModel.swift */ = {isa = PBXFileReference; lastKnownFileType = sourcecode.swift; path = FoodSearchViewModel.swift; sourceTree = "<group>"; };
		66B1095291E179B95FEBA497 /* FoodEntryModel.swift */ = {isa = PBXFileReference; lastKnownFileType = sourcecode.swift; path = FoodEntryModel.swift; sourceTree = "<group>"; };
		69BDF4D1E5D56DA3098829C2 /* ChartView.swift */ = {isa = PBXFileReference; lastKnownFileType = sourcecode.swift; path = ChartView.swift; sourceTree = "<group>"; };
		6E27EDBF36C46FD360854511 /* VitalArc.app */ = {isa = PBXFileReference; includeInIndex = 0; lastKnownFileType = wrapper.application; path = VitalArc.app; sourceTree = BUILT_PRODUCTS_DIR; };
		808BB13BFA51A9109B2AD859 /* LogFoodUseCase.swift */ = {isa = PBXFileReference; lastKnownFileType = sourcecode.swift; path = LogFoodUseCase.swift; sourceTree = "<group>"; };
		863F76B52D3BE699B0B40B86 /* MetricCardView.swift */ = {isa = PBXFileReference; lastKnownFileType = sourcecode.swift; path = MetricCardView.swift; sourceTree = "<group>"; };
		897F44E2DC3F04BBC9C04DF3 /* CreateUserProfileUseCase.swift */ = {isa = PBXFileReference; lastKnownFileType = sourcecode.swift; path = CreateUserProfileUseCase.swift; sourceTree = "<group>"; };
		89EA5695ED0ADF6694C8D017 /* WorkoutLoggingViewModel.swift */ = {isa = PBXFileReference; lastKnownFileType = sourcecode.swift; path = WorkoutLoggingViewModel.swift; sourceTree = "<group>"; };
		8EF8D49D1A2E5FF345303A06 /* VitalArcTests.xctest */ = {isa = PBXFileReference; includeInIndex = 0; lastKnownFileType = wrapper.cfbundle; path = VitalArcTests.xctest; sourceTree = BUILT_PRODUCTS_DIR; };
		9424058DB3BFA461A3ED1456 /* WorkoutTests.swift */ = {isa = PBXFileReference; lastKnownFileType = sourcecode.swift; path = WorkoutTests.swift; sourceTree = "<group>"; };
		948B0E147D40A08EE8BF7984 /* OnboardingCoordinator.swift */ = {isa = PBXFileReference; lastKnownFileType = sourcecode.swift; path = OnboardingCoordinator.swift; sourceTree = "<group>"; };
		96029B0B15EDC21F21B0EB06 /* SetRowView.swift */ = {isa = PBXFileReference; lastKnownFileType = sourcecode.swift; path = SetRowView.swift; sourceTree = "<group>"; };
		97BD595949D414A431738A6F /* WorkoutHistoryView.swift */ = {isa = PBXFileReference; lastKnownFileType = sourcecode.swift; path = WorkoutHistoryView.swift; sourceTree = "<group>"; };
		9BC1E6E21D322A72D4ACED10 /* CalculateProgressionUseCase.swift */ = {isa = PBXFileReference; lastKnownFileType = sourcecode.swift; path = CalculateProgressionUseCase.swift; sourceTree = "<group>"; };
		9E8229ED597D3F00DBBF9B10 /* HealthKitQuery.swift */ = {isa = PBXFileReference; lastKnownFileType = sourcecode.swift; path = HealthKitQuery.swift; sourceTree = "<group>"; };
		A1AEF211C26EA8B094E605BF /* Preview Assets.xcassets */ = {isa = PBXFileReference; lastKnownFileType = folder.assetcatalog; path = "Preview Assets.xcassets"; sourceTree = "<group>"; };
		A48F612DE6687B8B054BA9E3 /* VitalArcTests.swift */ = {isa = PBXFileReference; lastKnownFileType = sourcecode.swift; path = VitalArcTests.swift; sourceTree = "<group>"; };
		AB73F95C41B305BAD18EA115 /* ExerciseModel.swift */ = {isa = PBXFileReference; lastKnownFileType = sourcecode.swift; path = ExerciseModel.swift; sourceTree = "<group>"; };
		ACBFF12A3407233947C9E257 /* HealthRepository.swift */ = {isa = PBXFileReference; lastKnownFileType = sourcecode.swift; path = HealthRepository.swift; sourceTree = "<group>"; };
		AD10C85A5C132BC6B41AE20C /* UserProfileModel.swift */ = {isa = PBXFileReference; lastKnownFileType = sourcecode.swift; path = UserProfileModel.swift; sourceTree = "<group>"; };
		B00DD0C786E8C63620DDD02F /* Workout.swift */ = {isa = PBXFileReference; lastKnownFileType = sourcecode.swift; path = Workout.swift; sourceTree = "<group>"; };
		B3A52E85B046CA26C9EC49EE /* DependencyContainer.swift */ = {isa = PBXFileReference; lastKnownFileType = sourcecode.swift; path = DependencyContainer.swift; sourceTree = "<group>"; };
		B40FA67720B77DD07745901F /* DailyNutritionModel.swift */ = {isa = PBXFileReference; lastKnownFileType = sourcecode.swift; path = DailyNutritionModel.swift; sourceTree = "<group>"; };
		BA23797AD567763B372F0FA5 /* CreateWorkoutUseCase.swift */ = {isa = PBXFileReference; lastKnownFileType = sourcecode.swift; path = CreateWorkoutUseCase.swift; sourceTree = "<group>"; };
		C94FDC23DCCC9E766167D3E7 /* HealthDashboardViewModel.swift */ = {isa = PBXFileReference; lastKnownFileType = sourcecode.swift; path = HealthDashboardViewModel.swift; sourceTree = "<group>"; };
		CA84A598D661B7486786B7D9 /* NutritionRepository.swift */ = {isa = PBXFileReference; lastKnownFileType = sourcecode.swift; path = NutritionRepository.swift; sourceTree = "<group>"; };
		CE891E4BBFFF15541D2786C2 /* ExerciseLibraryView.swift */ = {isa = PBXFileReference; lastKnownFileType = sourcecode.swift; path = ExerciseLibraryView.swift; sourceTree = "<group>"; };
		CE948F5C7C7E7164BCAEE3AA /* MacroRingView.swift */ = {isa = PBXFileReference; lastKnownFileType = sourcecode.swift; path = MacroRingView.swift; sourceTree = "<group>"; };
		CF8F413BC34F0AF0422D9E5F /* ProfileSetupView.swift */ = {isa = PBXFileReference; lastKnownFileType = sourcecode.swift; path = ProfileSetupView.swift; sourceTree = "<group>"; };
		D429840909FA8D90673F777B /* WorkoutHistoryViewModel.swift */ = {isa = PBXFileReference; lastKnownFileType = sourcecode.swift; path = WorkoutHistoryViewModel.swift; sourceTree = "<group>"; };
		D55D70E93F4957258E6B4261 /* AboutView.swift */ = {isa = PBXFileReference; lastKnownFileType = sourcecode.swift; path = AboutView.swift; sourceTree = "<group>"; };
		D7F8FB8F8415501961023275 /* FoodEntry.swift */ = {isa = PBXFileReference; lastKnownFileType = sourcecode.swift; path = FoodEntry.swift; sourceTree = "<group>"; };
		D9735188AE571358EA10AE1C /* HealthKitPermissions.swift */ = {isa = PBXFileReference; lastKnownFileType = sourcecode.swift; path = HealthKitPermissions.swift; sourceTree = "<group>"; };
		DE0E62EFB26F5AF97553A972 /* WorkoutLoggingView.swift */ = {isa = PBXFileReference; lastKnownFileType = sourcecode.swift; path = WorkoutLoggingView.swift; sourceTree = "<group>"; };
		DEF33D965ACAE9DDD2ACEA76 /* ExerciseSeeds.swift */ = {isa = PBXFileReference; lastKnownFileType = sourcecode.swift; path = ExerciseSeeds.swift; sourceTree = "<group>"; };
		DF73950C467F7AB125A07178 /* USDAFoodAPI.swift */ = {isa = PBXFileReference; lastKnownFileType = sourcecode.swift; path = USDAFoodAPI.swift; sourceTree = "<group>"; };
		E3901168591C01E8766018CD /* NutritionSummaryView.swift */ = {isa = PBXFileReference; lastKnownFileType = sourcecode.swift; path = NutritionSummaryView.swift; sourceTree = "<group>"; };
		E617B61A780E2D73CA38EA96 /* SwiftData.framework */ = {isa = PBXFileReference; lastKnownFileType = wrapper.framework; path = SwiftData.framework; sourceTree = "<group>"; };
		E7136C312A60E7F45BD0F51B /* OnboardingViewModel.swift */ = {isa = PBXFileReference; lastKnownFileType = sourcecode.swift; path = OnboardingViewModel.swift; sourceTree = "<group>"; };
		ED62B6AB234CF0E23406C77D /* HealthDashboardView.swift */ = {isa = PBXFileReference; lastKnownFileType = sourcecode.swift; path = HealthDashboardView.swift; sourceTree = "<group>"; };
		ED85BA1AEF7BA60C2B9C2348 /* HealthMetricsModel.swift */ = {isa = PBXFileReference; lastKnownFileType = sourcecode.swift; path = HealthMetricsModel.swift; sourceTree = "<group>"; };
		F2A506CD9C6617924B59CB86 /* HealthKitPermissionView.swift */ = {isa = PBXFileReference; lastKnownFileType = sourcecode.swift; path = HealthKitPermissionView.swift; sourceTree = "<group>"; };
		F2D37B25EDB480008B06EB2E /* Food.swift */ = {isa = PBXFileReference; lastKnownFileType = sourcecode.swift; path = Food.swift; sourceTree = "<group>"; };
		F5B15CB72047BACC53338408 /* SearchFoodUseCase.swift */ = {isa = PBXFileReference; lastKnownFileType = sourcecode.swift; path = SearchFoodUseCase.swift; sourceTree = "<group>"; };
		F647355BA6D6DB6ABA236775 /* ExerciseSetView.swift */ = {isa = PBXFileReference; lastKnownFileType = sourcecode.swift; path = ExerciseSetView.swift; sourceTree = "<group>"; };
		F8884D90D84861BB481EF0F3 /* FoodLoggingViewModel.swift */ = {isa = PBXFileReference; lastKnownFileType = sourcecode.swift; path = FoodLoggingViewModel.swift; sourceTree = "<group>"; };
		FB1E474D17E03C8C73B3D3D2 /* GetExercisesUseCase.swift */ = {isa = PBXFileReference; lastKnownFileType = sourcecode.swift; path = GetExercisesUseCase.swift; sourceTree = "<group>"; };
		FD147BDBA0726382A62490D0 /* CloudKit.framework */ = {isa = PBXFileReference; lastKnownFileType = wrapper.framework; path = CloudKit.framework; sourceTree = "<group>"; };
		FFBD82C68E9845BEF0BE4B8D /* SettingsView.swift */ = {isa = PBXFileReference; lastKnownFileType = sourcecode.swift; path = SettingsView.swift; sourceTree = "<group>"; };
/* End PBXFileReference section */

/* Begin PBXFrameworksBuildPhase section */
		F3675A5257080DE8936112FA /* Frameworks */ = {
			isa = PBXFrameworksBuildPhase;
			buildActionMask = 2147483647;
			files = (
				38C3A6B8D34517A4782982B9 /* SwiftUI.framework in Frameworks */,
				0046F94F061484D814F3D02D /* SwiftData.framework in Frameworks */,
				73BBD0A0959C1580E571EC77 /* HealthKit.framework in Frameworks */,
				8EB62E1A64BE2366199F3455 /* CloudKit.framework in Frameworks */,
			);
			runOnlyForDeploymentPostprocessing = 0;
		};
/* End PBXFrameworksBuildPhase section */

/* Begin PBXGroup section */
		09FDCE77DAF6751A77F53732 /* Entities */ = {
			isa = PBXGroup;
			children = (
				1336668C0F75BB4E35664CC2 /* Health */,
				CB47B95A7BFEBB150FBE2049 /* Nutrition */,
				D36E6590259F13514063EAD2 /* User */,
				3D1BD9A416DEEDBC9C583D7E /* Workout */,
			);
			path = Entities;
			sourceTree = "<group>";
		};
		1336668C0F75BB4E35664CC2 /* Health */ = {
			isa = PBXGroup;
			children = (
				5FB37AC62B482387392CA9DA /* HealthMetrics.swift */,
			);
			path = Health;
			sourceTree = "<group>";
		};
		16CCA78B737CD9568E3AFFB8 /* Workout */ = {
			isa = PBXGroup;
			children = (
				3728BF2F6DEEA0ED893B6544 /* ExerciseLibrary */,
				6C16E52A36D2F1DFADBC047A /* WorkoutHistory */,
				CF10A56A81A6A8EADEC9CBFB /* WorkoutLogging */,
			);
			path = Workout;
			sourceTree = "<group>";
		};
		185A6B2CD83B1895217B067C = {
			isa = PBXGroup;
			children = (
				702D8BDDD735335A9B3E51EA /* VitalArc */,
				ABC114F052022B456FF84764 /* VitalArcTests */,
				2C38C86BEF5B531302DD6132 /* Frameworks */,
				B42AE21E55399E020C33D181 /* Products */,
			);
			sourceTree = "<group>";
		};
		1FA90A5CFA00C627391DCE57 /* Workout */ = {
			isa = PBXGroup;
			children = (
				9BC1E6E21D322A72D4ACED10 /* CalculateProgressionUseCase.swift */,
				BA23797AD567763B372F0FA5 /* CreateWorkoutUseCase.swift */,
				FB1E474D17E03C8C73B3D3D2 /* GetExercisesUseCase.swift */,
			);
			path = Workout;
			sourceTree = "<group>";
		};
		210AE48346F08DF5043E772B /* Seeds */ = {
			isa = PBXGroup;
			children = (
				DEF33D965ACAE9DDD2ACEA76 /* ExerciseSeeds.swift */,
			);
			path = Seeds;
			sourceTree = "<group>";
		};
		2C38C86BEF5B531302DD6132 /* Frameworks */ = {
			isa = PBXGroup;
			children = (
				FD147BDBA0726382A62490D0 /* CloudKit.framework */,
				204E8B8260BD0D08D4AC708E /* HealthKit.framework */,
				E617B61A780E2D73CA38EA96 /* SwiftData.framework */,
				1ACCC0BC5A5FAE8B2A5E0DA0 /* SwiftUI.framework */,
			);
			name = Frameworks;
			sourceTree = "<group>";
		};
		3728BF2F6DEEA0ED893B6544 /* ExerciseLibrary */ = {
			isa = PBXGroup;
			children = (
				CE891E4BBFFF15541D2786C2 /* ExerciseLibraryView.swift */,
				284176C019E651CD1432F0DD /* ExerciseLibraryViewModel.swift */,
				168B4FFDBAB0E898338155BC /* ExerciseRowView.swift */,
			);
			path = ExerciseLibrary;
			sourceTree = "<group>";
		};
		3D1BD9A416DEEDBC9C583D7E /* Workout */ = {
			isa = PBXGroup;
			children = (
				32CEC2869FDD4F2C79B9A995 /* Exercise.swift */,
				B00DD0C786E8C63620DDD02F /* Workout.swift */,
				3827F28C27599BA559FFE3E7 /* WorkoutSet.swift */,
			);
			path = Workout;
			sourceTree = "<group>";
		};
		408D1B54332CEDFF1FFF945A /* Workout */ = {
			isa = PBXGroup;
			children = (
				AB73F95C41B305BAD18EA115 /* ExerciseModel.swift */,
				35DE7CB802E6DE638AC0D92C /* WorkoutModel.swift */,
				6355764ECE698C5151E70479 /* WorkoutSetModel.swift */,
			);
			path = Workout;
			sourceTree = "<group>";
		};
		43959BFBC0A4B58DCCE8CF3F /* Profile */ = {
			isa = PBXGroup;
			children = (
				D55D70E93F4957258E6B4261 /* AboutView.swift */,
				3E7DFF422F05B2EBBF2F2EB8 /* ProfileView.swift */,
				5EB0DE2A5AC60E63405C877D /* ProfileViewModel.swift */,
				FFBD82C68E9845BEF0BE4B8D /* SettingsView.swift */,
			);
			path = Profile;
			sourceTree = "<group>";
		};
		4658610981117E5332C098DB /* Nutrition */ = {
			isa = PBXGroup;
			children = (
				56FC3AD68B901BFDB65525CE /* CalculateNutritionUseCase.swift */,
				808BB13BFA51A9109B2AD859 /* LogFoodUseCase.swift */,
				F5B15CB72047BACC53338408 /* SearchFoodUseCase.swift */,
			);
			path = Nutrition;
			sourceTree = "<group>";
		};
		538E0BD713CD473631F4025D /* Health */ = {
			isa = PBXGroup;
			children = (
				ED62B6AB234CF0E23406C77D /* HealthDashboardView.swift */,
				C94FDC23DCCC9E766167D3E7 /* HealthDashboardViewModel.swift */,
				CAF054670A7279B2EC87C6B7 /* Components */,
			);
			path = Health;
			sourceTree = "<group>";
		};
		6533C4548A51FB361D8019AC /* User */ = {
			isa = PBXGroup;
			children = (
				AD10C85A5C132BC6B41AE20C /* UserProfileModel.swift */,
			);
			path = User;
			sourceTree = "<group>";
		};
		6BFA6731104F70FA8CF02C00 /* Tabs */ = {
			isa = PBXGroup;
			children = (
				2BA1A6744D575B5C6C27D009 /* MainTabView.swift */,
				538E0BD713CD473631F4025D /* Health */,
				B240E7C048B57566CB46ED10 /* Nutrition */,
				43959BFBC0A4B58DCCE8CF3F /* Profile */,
				16CCA78B737CD9568E3AFFB8 /* Workout */,
			);
			path = Tabs;
			sourceTree = "<group>";
		};
		6C16E52A36D2F1DFADBC047A /* WorkoutHistory */ = {
			isa = PBXGroup;
			children = (
				97BD595949D414A431738A6F /* WorkoutHistoryView.swift */,
				D429840909FA8D90673F777B /* WorkoutHistoryViewModel.swift */,
			);
			path = WorkoutHistory;
			sourceTree = "<group>";
		};
		6FE95E9ED01A4E24030B0060 /* Infrastructure */ = {
			isa = PBXGroup;
			children = (
				B3A52E85B046CA26C9EC49EE /* DependencyContainer.swift */,
				BD9A4FF6AA8C765180676603 /* HealthKit */,
				E136A26208C37B71D71012AF /* Mappers */,
				7F3FE112920BB0473CEB7677 /* Networking */,
			);
			path = Infrastructure;
			sourceTree = "<group>";
		};
		702D8BDDD735335A9B3E51EA /* VitalArc */ = {
			isa = PBXGroup;
			children = (
				22FF7055B0CD30B756F6F963 /* Assets.xcassets */,
				5AFD41E5C7372D8AED2D6F0C /* Info.plist */,
				270F7E00F8AA2538A300F8D8 /* VitalArcApp.swift */,
				D250AFB928D7E9F895B63D78 /* Data */,
				AAC6DFF5BB9E8144C530183E /* Domain */,
				6FE95E9ED01A4E24030B0060 /* Infrastructure */,
				711140697514BC3C5CB267BE /* Presentation */,
				77297D38CCEC42AFB4939494 /* Preview Content */,
			);
			path = VitalArc;
			sourceTree = "<group>";
		};
		711140697514BC3C5CB267BE /* Presentation */ = {
			isa = PBXGroup;
			children = (
				FA06FB00FFED14F4AD69D4AA /* Onboarding */,
				6BFA6731104F70FA8CF02C00 /* Tabs */,
			);
			path = Presentation;
			sourceTree = "<group>";
		};
		77297D38CCEC42AFB4939494 /* Preview Content */ = {
			isa = PBXGroup;
			children = (
				A1AEF211C26EA8B094E605BF /* Preview Assets.xcassets */,
			);
			path = "Preview Content";
			sourceTree = "<group>";
		};
		777AEEB619B72AF8C769F915 /* User */ = {
			isa = PBXGroup;
			children = (
				897F44E2DC3F04BBC9C04DF3 /* CreateUserProfileUseCase.swift */,
				56955E4B4B5ADF5E3D9D6256 /* UpdateUserPreferencesUseCase.swift */,
			);
			path = User;
			sourceTree = "<group>";
		};
		7EAF5543E97FE532E943C398 /* FoodSearch */ = {
			isa = PBXGroup;
			children = (
				3B15D3153DB278E04C21F09C /* FoodResultRowView.swift */,
				638A0A5C8342531721E3A8F7 /* FoodSearchView.swift */,
				65B865736A863CB7A2AB29F2 /* FoodSearchViewModel.swift */,
			);
			path = FoodSearch;
			sourceTree = "<group>";
		};
		7F3FE112920BB0473CEB7677 /* Networking */ = {
			isa = PBXGroup;
			children = (
				4508F61108B98F38C7317287 /* FoodAPIModels.swift */,
				0B7BDED25BF9905034860989 /* NetworkService.swift */,
				DF73950C467F7AB125A07178 /* USDAFoodAPI.swift */,
			);
			path = Networking;
			sourceTree = "<group>";
		};
		92C4F9D444542E70F6886453 /* UseCases */ = {
			isa = PBXGroup;
			children = (
				4658610981117E5332C098DB /* Nutrition */,
				777AEEB619B72AF8C769F915 /* User */,
				1FA90A5CFA00C627391DCE57 /* Workout */,
			);
			path = UseCases;
			sourceTree = "<group>";
		};
		9822543D7969CD28C37A10C6 /* NutritionSummary */ = {
			isa = PBXGroup;
			children = (
				CE948F5C7C7E7164BCAEE3AA /* MacroRingView.swift */,
				E3901168591C01E8766018CD /* NutritionSummaryView.swift */,
			);
			path = NutritionSummary;
			sourceTree = "<group>";
		};
		9DCC8E8D249B04044BFF41B8 /* Nutrition */ = {
			isa = PBXGroup;
			children = (
				B40FA67720B77DD07745901F /* DailyNutritionModel.swift */,
				66B1095291E179B95FEBA497 /* FoodEntryModel.swift */,
				5543E95CF2D3EA974E01F66F /* FoodModel.swift */,
			);
			path = Nutrition;
			sourceTree = "<group>";
		};
		AAC6DFF5BB9E8144C530183E /* Domain */ = {
			isa = PBXGroup;
			children = (
				09FDCE77DAF6751A77F53732 /* Entities */,
				C6770ECE56FBAC93C60AED79 /* Repositories */,
				92C4F9D444542E70F6886453 /* UseCases */,
			);
			path = Domain;
			sourceTree = "<group>";
		};
		ABC114F052022B456FF84764 /* VitalArcTests */ = {
			isa = PBXGroup;
			children = (
				18547D5100E844205BA8F7DB /* HealthKitTests.swift */,
				40DBB4D6BEF314C57F47B3B1 /* NutritionTests.swift */,
				00D74DB92F2EF06B8D62FF9B /* ProfileTests.swift */,
				A48F612DE6687B8B054BA9E3 /* VitalArcTests.swift */,
				9424058DB3BFA461A3ED1456 /* WorkoutTests.swift */,
			);
			path = VitalArcTests;
			sourceTree = "<group>";
		};
		B240E7C048B57566CB46ED10 /* Nutrition */ = {
			isa = PBXGroup;
			children = (
				F3EB1E5DE9C5DC8A92C08ABA /* FoodLogging */,
				7EAF5543E97FE532E943C398 /* FoodSearch */,
				9822543D7969CD28C37A10C6 /* NutritionSummary */,
			);
			path = Nutrition;
			sourceTree = "<group>";
		};
		B42AE21E55399E020C33D181 /* Products */ = {
			isa = PBXGroup;
			children = (
				6E27EDBF36C46FD360854511 /* VitalArc.app */,
				8EF8D49D1A2E5FF345303A06 /* VitalArcTests.xctest */,
			);
			name = Products;
			sourceTree = "<group>";
		};
		BD9A4FF6AA8C765180676603 /* HealthKit */ = {
			isa = PBXGroup;
			children = (
				6277D158313C6CA473B4397F /* HealthKitManager.swift */,
				D9735188AE571358EA10AE1C /* HealthKitPermissions.swift */,
				9E8229ED597D3F00DBBF9B10 /* HealthKitQuery.swift */,
			);
			path = HealthKit;
			sourceTree = "<group>";
		};
		C6770ECE56FBAC93C60AED79 /* Repositories */ = {
			isa = PBXGroup;
			children = (
				ACBFF12A3407233947C9E257 /* HealthRepository.swift */,
				CA84A598D661B7486786B7D9 /* NutritionRepository.swift */,
				54BE18D10F70E33E0E20F52A /* UserRepository.swift */,
				54AE04B0B914B459BB6B3E97 /* WorkoutRepository.swift */,
			);
			path = Repositories;
			sourceTree = "<group>";
		};
		CAF054670A7279B2EC87C6B7 /* Components */ = {
			isa = PBXGroup;
			children = (
				69BDF4D1E5D56DA3098829C2 /* ChartView.swift */,
				863F76B52D3BE699B0B40B86 /* MetricCardView.swift */,
			);
			path = Components;
			sourceTree = "<group>";
		};
		CB47B95A7BFEBB150FBE2049 /* Nutrition */ = {
			isa = PBXGroup;
			children = (
				2D4DF78F8771F4E8ABAC964F /* DailyNutrition.swift */,
				F2D37B25EDB480008B06EB2E /* Food.swift */,
				D7F8FB8F8415501961023275 /* FoodEntry.swift */,
			);
			path = Nutrition;
			sourceTree = "<group>";
		};
		CF10A56A81A6A8EADEC9CBFB /* WorkoutLogging */ = {
			isa = PBXGroup;
			children = (
				F647355BA6D6DB6ABA236775 /* ExerciseSetView.swift */,
				96029B0B15EDC21F21B0EB06 /* SetRowView.swift */,
				DE0E62EFB26F5AF97553A972 /* WorkoutLoggingView.swift */,
				89EA5695ED0ADF6694C8D017 /* WorkoutLoggingViewModel.swift */,
			);
			path = WorkoutLogging;
			sourceTree = "<group>";
		};
		D201D1C856718A39EAB449B6 /* Models */ = {
			isa = PBXGroup;
			children = (
				EEEBA12852355824763CBC5D /* Health */,
				9DCC8E8D249B04044BFF41B8 /* Nutrition */,
				6533C4548A51FB361D8019AC /* User */,
				408D1B54332CEDFF1FFF945A /* Workout */,
			);
			path = Models;
			sourceTree = "<group>";
		};
		D250AFB928D7E9F895B63D78 /* Data */ = {
			isa = PBXGroup;
			children = (
				D201D1C856718A39EAB449B6 /* Models */,
				210AE48346F08DF5043E772B /* Seeds */,
			);
			path = Data;
			sourceTree = "<group>";
		};
		D36E6590259F13514063EAD2 /* User */ = {
			isa = PBXGroup;
			children = (
				106C338F1B5889F687588AE5 /* UserProfile.swift */,
			);
			path = User;
			sourceTree = "<group>";
		};
		E136A26208C37B71D71012AF /* Mappers */ = {
			isa = PBXGroup;
			children = (
				2E1BFBB1A2704A63C7ACF1FF /* HealthKitMapper.swift */,
			);
			path = Mappers;
			sourceTree = "<group>";
		};
		EEEBA12852355824763CBC5D /* Health */ = {
			isa = PBXGroup;
			children = (
				ED85BA1AEF7BA60C2B9C2348 /* HealthMetricsModel.swift */,
			);
			path = Health;
			sourceTree = "<group>";
		};
		F3EB1E5DE9C5DC8A92C08ABA /* FoodLogging */ = {
			isa = PBXGroup;
			children = (
				18A7B9DD6D81924C0258E6FA /* FoodLoggingView.swift */,
				F8884D90D84861BB481EF0F3 /* FoodLoggingViewModel.swift */,
				3CAE650A44F31AD013310F4C /* MealSectionView.swift */,
			);
			path = FoodLogging;
			sourceTree = "<group>";
		};
		FA06FB00FFED14F4AD69D4AA /* Onboarding */ = {
			isa = PBXGroup;
			children = (
				F2A506CD9C6617924B59CB86 /* HealthKitPermissionView.swift */,
				948B0E147D40A08EE8BF7984 /* OnboardingCoordinator.swift */,
				E7136C312A60E7F45BD0F51B /* OnboardingViewModel.swift */,
				CF8F413BC34F0AF0422D9E5F /* ProfileSetupView.swift */,
				5816AB8CBF8807131050581A /* WelcomeView.swift */,
			);
			path = Onboarding;
			sourceTree = "<group>";
		};
		"TEMP_F9D0C62E-00E3-43E8-8F92-0BBB18ADCC3D" /* Common */ = {
			isa = PBXGroup;
			children = (
			);
			path = Common;
			sourceTree = "<group>";
		};
/* End PBXGroup section */

/* Begin PBXNativeTarget section */
		8856ABF41A48222260B998BE /* VitalArcTests */ = {
			isa = PBXNativeTarget;
			buildConfigurationList = 18AFD93798B8FE4CFA3CFB13 /* Build configuration list for PBXNativeTarget "VitalArcTests" */;
			buildPhases = (
				DAAE6C4BC8CF6CD181EE22E8 /* Sources */,
			);
			buildRules = (
			);
			dependencies = (
				9F1F66EBD3463C2764D8DB20 /* PBXTargetDependency */,
			);
			name = VitalArcTests;
			packageProductDependencies = (
			);
			productName = VitalArcTests;
			productReference = 8EF8D49D1A2E5FF345303A06 /* VitalArcTests.xctest */;
			productType = "com.apple.product-type.bundle.unit-test";
		};
		C5E19D37CFFE919BA3956609 /* VitalArc */ = {
			isa = PBXNativeTarget;
			buildConfigurationList = AEF16C768D7EA61B1D91C9BA /* Build configuration list for PBXNativeTarget "VitalArc" */;
			buildPhases = (
				BCA54E608EFCE2296327D577 /* Sources */,
				838174422926BE6ED7B673F9 /* Resources */,
				F3675A5257080DE8936112FA /* Frameworks */,
				6DD3AE89351284A3BCBDB0CC /* Embed Frameworks */,
			);
			buildRules = (
			);
			dependencies = (
			);
			name = VitalArc;
			packageProductDependencies = (
			);
			productName = VitalArc;
			productReference = 6E27EDBF36C46FD360854511 /* VitalArc.app */;
			productType = "com.apple.product-type.application";
		};
/* End PBXNativeTarget section */

/* Begin PBXProject section */
		6C76132B3F0947A6D7506B2D /* Project object */ = {
			isa = PBXProject;
			attributes = {
				BuildIndependentTargetsInParallel = YES;
				LastUpgradeCheck = 1430;
			};
			buildConfigurationList = 45CAFC28C6A64BFC341A1A1C /* Build configuration list for PBXProject "VitalArc" */;
			compatibilityVersion = "Xcode 14.0";
			developmentRegion = en;
			hasScannedForEncodings = 0;
			knownRegions = (
				Base,
				en,
			);
			mainGroup = 185A6B2CD83B1895217B067C;
			minimizedProjectReferenceProxies = 1;
			preferredProjectObjectVersion = 77;
			projectDirPath = "";
			projectRoot = "";
			targets = (
				C5E19D37CFFE919BA3956609 /* VitalArc */,
				8856ABF41A48222260B998BE /* VitalArcTests */,
			);
		};
/* End PBXProject section */

/* Begin PBXResourcesBuildPhase section */
		838174422926BE6ED7B673F9 /* Resources */ = {
			isa = PBXResourcesBuildPhase;
			buildActionMask = 2147483647;
			files = (
				E952ED0C42942125C3BA0D5E /* Assets.xcassets in Resources */,
				0371595B948C5BC645F95098 /* Preview Assets.xcassets in Resources */,
			);
			runOnlyForDeploymentPostprocessing = 0;
		};
/* End PBXResourcesBuildPhase section */

/* Begin PBXSourcesBuildPhase section */
		BCA54E608EFCE2296327D577 /* Sources */ = {
			isa = PBXSourcesBuildPhase;
			buildActionMask = 2147483647;
			files = (
				88F81590291C1A4FC1E3E88F /* AboutView.swift in Sources */,
				AB5E4C8FB07080EFD2129F44 /* CalculateNutritionUseCase.swift in Sources */,
				426945A51D2DDBB7074CF960 /* CalculateProgressionUseCase.swift in Sources */,
				4DC85B91F11058C3375ED57F /* ChartView.swift in Sources */,
				80179F66A8ADFDA6DEAE23B8 /* CreateUserProfileUseCase.swift in Sources */,
				88AE01B19AF462A40EB3CFEB /* CreateWorkoutUseCase.swift in Sources */,
				4CE4C705866D50EB248D15A0 /* DailyNutrition.swift in Sources */,
				281D7048E6267DDA0EC9B14F /* DailyNutritionModel.swift in Sources */,
				0FA655C86256DB82F4AE50ED /* DependencyContainer.swift in Sources */,
				4CED856882B128139A208B25 /* Exercise.swift in Sources */,
				428D7507D086EF8FAEEFBBEF /* ExerciseLibraryView.swift in Sources */,
				111AE7FA1332AD0E5CA274CA /* ExerciseLibraryViewModel.swift in Sources */,
				B8628CF20D0FEE7D9BDEDCCA /* ExerciseModel.swift in Sources */,
				F4E088479E640461CC286BD1 /* ExerciseRowView.swift in Sources */,
				26F125E756AB94671BD2D58B /* ExerciseSeeds.swift in Sources */,
				B67056067E3169196C58FB83 /* ExerciseSetView.swift in Sources */,
				FE5B77F8F3D6A0EE668CD919 /* Food.swift in Sources */,
				C653C5A2F2B3E9A9C80D90B7 /* FoodAPIModels.swift in Sources */,
				B843DDD04DEF700A4E5E1C15 /* FoodEntry.swift in Sources */,
				02B5969771941E4F60333D5E /* FoodEntryModel.swift in Sources */,
				47A56900F539420D1296BE10 /* FoodLoggingView.swift in Sources */,
				DCE9FBA5FB20CC98886D294B /* FoodLoggingViewModel.swift in Sources */,
				332842D0A328084E1674E3EB /* FoodModel.swift in Sources */,
				63408CF1BBECC1DA6E7EB488 /* FoodResultRowView.swift in Sources */,
				3629DBE1D53960969772C716 /* FoodSearchView.swift in Sources */,
				89C25ECF64BE6526F6CC4CDD /* FoodSearchViewModel.swift in Sources */,
				ABB1263D94869B224B2567D0 /* GetExercisesUseCase.swift in Sources */,
				E44DE360602DC91F4D47E63C /* HealthDashboardView.swift in Sources */,
				86837097D76103FBE890CE29 /* HealthDashboardViewModel.swift in Sources */,
				B408997C41F6EED3D8F1921F /* HealthKitManager.swift in Sources */,
				C9DFBBC1A044D66BFE38EC45 /* HealthKitMapper.swift in Sources */,
				A36BA008667F24A0C627E73C /* HealthKitPermissionView.swift in Sources */,
				5CDB1BA23C75E21B25E5EB9E /* HealthKitPermissions.swift in Sources */,
				13CA07C966A6F13A10180696 /* HealthKitQuery.swift in Sources */,
				8DA7662F7DCF750D387AB41F /* HealthMetrics.swift in Sources */,
				703CA568BF2BEF17070D20F2 /* HealthMetricsModel.swift in Sources */,
				32753CBC5716D4D749C8B664 /* HealthRepository.swift in Sources */,
				D415C8BCF619FCB5CFCD7136 /* LogFoodUseCase.swift in Sources */,
				942628D1F967B19230F8AD44 /* MacroRingView.swift in Sources */,
				97D1EE9F6C811BF5F9C6F3B7 /* MainTabView.swift in Sources */,
				A61510FF08053615F52CC7FB /* MealSectionView.swift in Sources */,
				FA78ACED75968C458123000C /* MetricCardView.swift in Sources */,
				07F3F54C7357DC3CAD8D21DE /* NetworkService.swift in Sources */,
				C569BCDFF81AA812C41E8B64 /* NutritionRepository.swift in Sources */,
				6A13A49BB01B932071FBA10A /* NutritionSummaryView.swift in Sources */,
				758B61DC3E94EE424FD13126 /* OnboardingCoordinator.swift in Sources */,
				DE2A04DA86055681F7914763 /* OnboardingViewModel.swift in Sources */,
				3553C7BC422310238474F283 /* ProfileSetupView.swift in Sources */,
				3E1B0C7751AADD39EF3E8DC6 /* ProfileView.swift in Sources */,
				10DECE0D98ADCC886E5AB243 /* ProfileViewModel.swift in Sources */,
				793420AA8CBADCD1560DC533 /* SearchFoodUseCase.swift in Sources */,
				E9ACE76CAD2799F7230120BF /* SetRowView.swift in Sources */,
				C2765630FB2A976D29932091 /* SettingsView.swift in Sources */,
				22C5B7230930922772F32FB0 /* USDAFoodAPI.swift in Sources */,
				55196D4FB9475859FC77B1BD /* UpdateUserPreferencesUseCase.swift in Sources */,
				24CE55FFA35FD9F9BD03EE1C /* UserProfile.swift in Sources */,
				008815544EBF06868D4899A0 /* UserProfileModel.swift in Sources */,
				496BF5CFA00DF35D67625249 /* UserRepository.swift in Sources */,
				EF984FAADD688AF81520D265 /* VitalArcApp.swift in Sources */,
				7115209B5FE5BC348D8802A6 /* WelcomeView.swift in Sources */,
				7109F604DBEA008541327E4E /* Workout.swift in Sources */,
				B2540BE979714FAC39A4842E /* WorkoutHistoryView.swift in Sources */,
				A472D7AF0A7165225B42349A /* WorkoutHistoryViewModel.swift in Sources */,
				60326FA0C2CD02293EC9F5C4 /* WorkoutLoggingView.swift in Sources */,
				6EA61AAB8EE54A8615AE1353 /* WorkoutLoggingViewModel.swift in Sources */,
				A094098B432FE9718F4B660A /* WorkoutModel.swift in Sources */,
				2CBF06198B783279E77F75E3 /* WorkoutRepository.swift in Sources */,
				30E26CD91E85A8CD1B98AD18 /* WorkoutSet.swift in Sources */,
				4DC08FF27E00CD8088177AA4 /* WorkoutSetModel.swift in Sources */,
			);
			runOnlyForDeploymentPostprocessing = 0;
		};
		DAAE6C4BC8CF6CD181EE22E8 /* Sources */ = {
			isa = PBXSourcesBuildPhase;
			buildActionMask = 2147483647;
			files = (
				3EC7F8F3D2E7735357137756 /* HealthKitTests.swift in Sources */,
				A65F84DA8F15FA4929E4A800 /* NutritionTests.swift in Sources */,
				7EBEE1CA40FAD57CE6BAFDD6 /* ProfileTests.swift in Sources */,
				509EA0E480F447DA34EE0CEB /* VitalArcTests.swift in Sources */,
				AFA02DDC99925265E63228A3 /* WorkoutTests.swift in Sources */,
			);
			runOnlyForDeploymentPostprocessing = 0;
		};
/* End PBXSourcesBuildPhase section */

/* Begin PBXTargetDependency section */
		9F1F66EBD3463C2764D8DB20 /* PBXTargetDependency */ = {
			isa = PBXTargetDependency;
			target = C5E19D37CFFE919BA3956609 /* VitalArc */;
			targetProxy = 1EE56CC435AC1BC065F34F42 /* PBXContainerItemProxy */;
		};
/* End PBXTargetDependency section */

/* Begin XCBuildConfiguration section */
		00EEFB32AC90D14E311588F8 /* Debug */ = {
			isa = XCBuildConfiguration;
			buildSettings = {
				ASSETCATALOG_COMPILER_APPICON_NAME = AppIcon;
				ASSETCATALOG_COMPILER_GLOBAL_ACCENT_COLOR_NAME = AccentColor;
				CLANG_ENABLE_MODULES = YES;
				CODE_SIGN_IDENTITY = "iPhone Developer";
				DEVELOPMENT_ASSET_PATHS = "\"VitalArc/Preview Content\"";
				ENABLE_PREVIEWS = YES;
				FRAMEWORK_SEARCH_PATHS = (
					"$(inherited)",
					"\".\"",
				);
				INFOPLIST_FILE = VitalArc/Info.plist;
				IPHONEOS_DEPLOYMENT_TARGET = 17.0;
				LD_RUNPATH_SEARCH_PATHS = "@executable_path/Frameworks";
				PRODUCT_BUNDLE_IDENTIFIER = com.vitalarc.VitalArc;
				SDKROOT = iphoneos;
				SWIFT_EMIT_LOC_STRINGS = YES;
				SWIFT_OBJC_BRIDGING_HEADER = "";
				SWIFT_VERSION = 5.9;
				TARGETED_DEVICE_FAMILY = "1,2";
			};
			name = Debug;
		};
		33F62839B35F7272E372228A /* Release */ = {
			isa = XCBuildConfiguration;
			buildSettings = {
				ASSETCATALOG_COMPILER_APPICON_NAME = AppIcon;
				ASSETCATALOG_COMPILER_GLOBAL_ACCENT_COLOR_NAME = AccentColor;
				CLANG_ENABLE_MODULES = YES;
				CODE_SIGN_IDENTITY = "iPhone Developer";
				DEVELOPMENT_ASSET_PATHS = "\"VitalArc/Preview Content\"";
				ENABLE_PREVIEWS = YES;
				FRAMEWORK_SEARCH_PATHS = (
					"$(inherited)",
					"\".\"",
				);
				INFOPLIST_FILE = VitalArc/Info.plist;
				IPHONEOS_DEPLOYMENT_TARGET = 17.0;
				LD_RUNPATH_SEARCH_PATHS = "@executable_path/Frameworks";
				PRODUCT_BUNDLE_IDENTIFIER = com.vitalarc.VitalArc;
				SDKROOT = iphoneos;
				SWIFT_EMIT_LOC_STRINGS = YES;
				SWIFT_OBJC_BRIDGING_HEADER = "";
				SWIFT_VERSION = 5.9;
				TARGETED_DEVICE_FAMILY = "1,2";
			};
			name = Release;
		};
		92E5E43A45B1D75607A34A97 /* Release */ = {
			isa = XCBuildConfiguration;
			buildSettings = {
				ALWAYS_SEARCH_USER_PATHS = NO;
				CLANG_ANALYZER_NONNULL = YES;
				CLANG_ANALYZER_NUMBER_OBJECT_CONVERSION = YES_AGGRESSIVE;
				CLANG_CXX_LANGUAGE_STANDARD = "gnu++14";
				CLANG_CXX_LIBRARY = "libc++";
				CLANG_ENABLE_MODULES = YES;
				CLANG_ENABLE_OBJC_ARC = YES;
				CLANG_ENABLE_OBJC_WEAK = YES;
				CLANG_WARN_BLOCK_CAPTURE_AUTORELEASING = YES;
				CLANG_WARN_BOOL_CONVERSION = YES;
				CLANG_WARN_COMMA = YES;
				CLANG_WARN_CONSTANT_CONVERSION = YES;
				CLANG_WARN_DEPRECATED_OBJC_IMPLEMENTATIONS = YES;
				CLANG_WARN_DIRECT_OBJC_ISA_USAGE = YES_ERROR;
				CLANG_WARN_DOCUMENTATION_COMMENTS = YES;
				CLANG_WARN_EMPTY_BODY = YES;
				CLANG_WARN_ENUM_CONVERSION = YES;
				CLANG_WARN_INFINITE_RECURSION = YES;
				CLANG_WARN_INT_CONVERSION = YES;
				CLANG_WARN_NON_LITERAL_NULL_CONVERSION = YES;
				CLANG_WARN_OBJC_IMPLICIT_RETAIN_SELF = YES;
				CLANG_WARN_OBJC_LITERAL_CONVERSION = YES;
				CLANG_WARN_OBJC_ROOT_CLASS = YES_ERROR;
				CLANG_WARN_QUOTED_INCLUDE_IN_FRAMEWORK_HEADER = YES;
				CLANG_WARN_RANGE_LOOP_ANALYSIS = YES;
				CLANG_WARN_STRICT_PROTOTYPES = YES;
				CLANG_WARN_SUSPICIOUS_MOVE = YES;
				CLANG_WARN_UNGUARDED_AVAILABILITY = YES_AGGRESSIVE;
				CLANG_WARN_UNREACHABLE_CODE = YES;
				CLANG_WARN__DUPLICATE_METHOD_MATCH = YES;
				COPY_PHASE_STRIP = NO;
				DEBUG_INFORMATION_FORMAT = "dwarf-with-dsym";
				ENABLE_NS_ASSERTIONS = NO;
				ENABLE_PREVIEWS = YES;
				ENABLE_STRICT_OBJC_MSGSEND = YES;
				GCC_C_LANGUAGE_STANDARD = gnu11;
				GCC_NO_COMMON_BLOCKS = YES;
				GCC_WARN_64_TO_32_BIT_CONVERSION = YES;
				GCC_WARN_ABOUT_RETURN_TYPE = YES_ERROR;
				GCC_WARN_UNDECLARED_SELECTOR = YES;
				GCC_WARN_UNINITIALIZED_AUTOS = YES_AGGRESSIVE;
				GCC_WARN_UNUSED_FUNCTION = YES;
				GCC_WARN_UNUSED_VARIABLE = YES;
				IPHONEOS_DEPLOYMENT_TARGET = 17.0;
				MTL_ENABLE_DEBUG_INFO = NO;
				MTL_FAST_MATH = YES;
				PRODUCT_NAME = "$(TARGET_NAME)";
				SDKROOT = iphoneos;
				SWIFT_COMPILATION_MODE = wholemodule;
				SWIFT_OPTIMIZATION_LEVEL = "-O";
				SWIFT_VERSION = 5.9;
			};
			name = Release;
		};
		CD1379B1B88E16E63B6F4260 /* Release */ = {
			isa = XCBuildConfiguration;
			buildSettings = {
				BUNDLE_LOADER = "$(TEST_HOST)";
				LD_RUNPATH_SEARCH_PATHS = (
					"$(inherited)",
					"@executable_path/Frameworks",
					"@loader_path/Frameworks",
				);
				PRODUCT_BUNDLE_IDENTIFIER = com.vitalarc.VitalArcTests;
				SDKROOT = iphoneos;
				SWIFT_VERSION = 5.9;
				TARGETED_DEVICE_FAMILY = "1,2";
				TEST_HOST = "$(BUILT_PRODUCTS_DIR)/VitalArc.app/VitalArc";
			};
			name = Release;
		};
		D9BEB98829E4EE47EA201C4F /* Debug */ = {
			isa = XCBuildConfiguration;
			buildSettings = {
				ALWAYS_SEARCH_USER_PATHS = NO;
				CLANG_ANALYZER_NONNULL = YES;
				CLANG_ANALYZER_NUMBER_OBJECT_CONVERSION = YES_AGGRESSIVE;
				CLANG_CXX_LANGUAGE_STANDARD = "gnu++14";
				CLANG_CXX_LIBRARY = "libc++";
				CLANG_ENABLE_MODULES = YES;
				CLANG_ENABLE_OBJC_ARC = YES;
				CLANG_ENABLE_OBJC_WEAK = YES;
				CLANG_WARN_BLOCK_CAPTURE_AUTORELEASING = YES;
				CLANG_WARN_BOOL_CONVERSION = YES;
				CLANG_WARN_COMMA = YES;
				CLANG_WARN_CONSTANT_CONVERSION = YES;
				CLANG_WARN_DEPRECATED_OBJC_IMPLEMENTATIONS = YES;
				CLANG_WARN_DIRECT_OBJC_ISA_USAGE = YES_ERROR;
				CLANG_WARN_DOCUMENTATION_COMMENTS = YES;
				CLANG_WARN_EMPTY_BODY = YES;
				CLANG_WARN_ENUM_CONVERSION = YES;
				CLANG_WARN_INFINITE_RECURSION = YES;
				CLANG_WARN_INT_CONVERSION = YES;
				CLANG_WARN_NON_LITERAL_NULL_CONVERSION = YES;
				CLANG_WARN_OBJC_IMPLICIT_RETAIN_SELF = YES;
				CLANG_WARN_OBJC_LITERAL_CONVERSION = YES;
				CLANG_WARN_OBJC_ROOT_CLASS = YES_ERROR;
				CLANG_WARN_QUOTED_INCLUDE_IN_FRAMEWORK_HEADER = YES;
				CLANG_WARN_RANGE_LOOP_ANALYSIS = YES;
				CLANG_WARN_STRICT_PROTOTYPES = YES;
				CLANG_WARN_SUSPICIOUS_MOVE = YES;
				CLANG_WARN_UNGUARDED_AVAILABILITY = YES_AGGRESSIVE;
				CLANG_WARN_UNREACHABLE_CODE = YES;
				CLANG_WARN__DUPLICATE_METHOD_MATCH = YES;
				COPY_PHASE_STRIP = NO;
				DEBUG_INFORMATION_FORMAT = dwarf;
				ENABLE_PREVIEWS = YES;
				ENABLE_STRICT_OBJC_MSGSEND = YES;
				ENABLE_TESTABILITY = YES;
				GCC_C_LANGUAGE_STANDARD = gnu11;
				GCC_DYNAMIC_NO_PIC = NO;
				GCC_NO_COMMON_BLOCKS = YES;
				GCC_OPTIMIZATION_LEVEL = 0;
				GCC_PREPROCESSOR_DEFINITIONS = (
					"$(inherited)",
					"DEBUG=1",
				);
				GCC_WARN_64_TO_32_BIT_CONVERSION = YES;
				GCC_WARN_ABOUT_RETURN_TYPE = YES_ERROR;
				GCC_WARN_UNDECLARED_SELECTOR = YES;
				GCC_WARN_UNINITIALIZED_AUTOS = YES_AGGRESSIVE;
				GCC_WARN_UNUSED_FUNCTION = YES;
				GCC_WARN_UNUSED_VARIABLE = YES;
				IPHONEOS_DEPLOYMENT_TARGET = 17.0;
				MTL_ENABLE_DEBUG_INFO = INCLUDE_SOURCE;
				MTL_FAST_MATH = YES;
				ONLY_ACTIVE_ARCH = YES;
				PRODUCT_NAME = "$(TARGET_NAME)";
				SDKROOT = iphoneos;
				SWIFT_ACTIVE_COMPILATION_CONDITIONS = DEBUG;
				SWIFT_OPTIMIZATION_LEVEL = "-Onone";
				SWIFT_VERSION = 5.9;
			};
			name = Debug;
		};
		F9E7C5307517DAE12EFE70EA /* Debug */ = {
			isa = XCBuildConfiguration;
			buildSettings = {
				BUNDLE_LOADER = "$(TEST_HOST)";
				LD_RUNPATH_SEARCH_PATHS = (
					"$(inherited)",
					"@executable_path/Frameworks",
					"@loader_path/Frameworks",
				);
				PRODUCT_BUNDLE_IDENTIFIER = com.vitalarc.VitalArcTests;
				SDKROOT = iphoneos;
				SWIFT_VERSION = 5.9;
				TARGETED_DEVICE_FAMILY = "1,2";
				TEST_HOST = "$(BUILT_PRODUCTS_DIR)/VitalArc.app/VitalArc";
			};
			name = Debug;
		};
/* End XCBuildConfiguration section */

/* Begin XCConfigurationList section */
		18AFD93798B8FE4CFA3CFB13 /* Build configuration list for PBXNativeTarget "VitalArcTests" */ = {
			isa = XCConfigurationList;
			buildConfigurations = (
				F9E7C5307517DAE12EFE70EA /* Debug */,
				CD1379B1B88E16E63B6F4260 /* Release */,
			);
			defaultConfigurationIsVisible = 0;
			defaultConfigurationName = Debug;
		};
		45CAFC28C6A64BFC341A1A1C /* Build configuration list for PBXProject "VitalArc" */ = {
			isa = XCConfigurationList;
			buildConfigurations = (
				D9BEB98829E4EE47EA201C4F /* Debug */,
				92E5E43A45B1D75607A34A97 /* Release */,
			);
			defaultConfigurationIsVisible = 0;
			defaultConfigurationName = Debug;
		};
		AEF16C768D7EA61B1D91C9BA /* Build configuration list for PBXNativeTarget "VitalArc" */ = {
			isa = XCConfigurationList;
			buildConfigurations = (
				00EEFB32AC90D14E311588F8 /* Debug */,
				33F62839B35F7272E372228A /* Release */,
			);
			defaultConfigurationIsVisible = 0;
			defaultConfigurationName = Debug;
		};
/* End XCConfigurationList section */
	};
	rootObject = 6C76132B3F0947A6D7506B2D /* Project object */;
}
